
Microsoft Visual Studio Solution File, Format Version 12.00
# Visual Studio 15
VisualStudioVersion = 15.0.26430.16
MinimumVisualStudioVersion = 10.0.40219.1
Project("{FAE04EC0-301F-11D3-BF4B-00C04F79EFBC}") = "MusicShop", "MusicShop\MusicShop.csproj", "{5EB54B62-06C6-4A75-8BCF-90D2E51D5EF1}"
EndProject
Project("{FAE04EC0-301F-11D3-BF4B-00C04F79EFBC}") = "UnitTestMusicShop", "UnitTestMusicShop\UnitTestMusicShop.csproj", "{CD18EE72-F4B8-4829-B843-84919A0D26AA}"
EndProject
Project("{FAE04EC0-301F-11D3-BF4B-00C04F79EFBC}") = "MusicShopAPI", "MusicShopAPI\MusicShopAPI.csproj", "{B7DCB552-A9D3-4CA9-B035-CF52A341DDD9}"
EndProject
Global
	GlobalSection(SolutionConfigurationPlatforms) = preSolution
		Debug|Any CPU = Debug|Any CPU
		Release|Any CPU = Release|Any CPU
	EndGlobalSection
	GlobalSection(ProjectConfigurationPlatforms) = postSolution
		{5EB54B62-06C6-4A75-8BCF-90D2E51D5EF1}.Debug|Any CPU.ActiveCfg = Debug|Any CPU
		{5EB54B62-06C6-4A75-8BCF-90D2E51D5EF1}.Debug|Any CPU.Build.0 = Debug|Any CPU
		{5EB54B62-06C6-4A75-8BCF-90D2E51D5EF1}.Release|Any CPU.ActiveCfg = Release|Any CPU
		{5EB54B62-06C6-4A75-8BCF-90D2E51D5EF1}.Release|Any CPU.Build.0 = Release|Any CPU
		{CD18EE72-F4B8-4829-B843-84919A0D26AA}.Debug|Any CPU.ActiveCfg = Debug|Any CPU
		{CD18EE72-F4B8-4829-B843-84919A0D26AA}.Debug|Any CPU.Build.0 = Debug|Any CPU
		{CD18EE72-F4B8-4829-B843-84919A0D26AA}.Release|Any CPU.ActiveCfg = Release|Any CPU
		{CD18EE72-F4B8-4829-B843-84919A0D26AA}.Release|Any CPU.Build.0 = Release|Any CPU
		{B7DCB552-A9D3-4CA9-B035-CF52A341DDD9}.Debug|Any CPU.ActiveCfg = Debug|Any CPU
		{B7DCB552-A9D3-4CA9-B035-CF52A341DDD9}.Debug|Any CPU.Build.0 = Debug|Any CPU
		{B7DCB552-A9D3-4CA9-B035-CF52A341DDD9}.Release|Any CPU.ActiveCfg = Release|Any CPU
		{B7DCB552-A9D3-4CA9-B035-CF52A341DDD9}.Release|Any CPU.Build.0 = Release|Any CPU
	EndGlobalSection
	GlobalSection(SolutionProperties) = preSolution
		HideSolutionNode = FALSE
	EndGlobalSection
EndGlobal
